
Microsoft Visual Studio Solution File, Format Version 12.00
# Visual Studio Version 17
VisualStudioVersion = 17.0.31919.166
MinimumVisualStudioVersion = 10.0.40219.1
Project("{9A19103F-16F7-4668-BE54-9A1E7A4F7556}") = "ApiGateway", "ApiGateway\ApiGateway.csproj", "{87C11C43-B2AC-4EA7-B47B-2F7048273F4F}"
EndProject
Project("{2150E333-8FDC-42A3-9474-1A3956D46DE8}") = "ContactAPI", "ContactAPI", "{17D232ED-00D4-46A6-A0EC-148DEC227707}"
EndProject
Project("{9A19103F-16F7-4668-BE54-9A1E7A4F7556}") = "ContactAPI", "ContactAPI\ContactAPI\ContactAPI.csproj", "{78A6F54C-0E28-45C2-A0C4-175DCABB2A3A}"
EndProject
Project("{2150E333-8FDC-42A3-9474-1A3956D46DE8}") = "CoreLib", "CoreLib", "{0620230A-1E66-41F7-8588-7115C2F1A878}"
EndProject
Project("{9A19103F-16F7-4668-BE54-9A1E7A4F7556}") = "ContactAPI.BusinessLayer", "ContactAPI.Business\ContactAPI.BusinessLayer.csproj", "{D4D13200-5F6C-4B33-852B-23DF1825B2A6}"
EndProject
Project("{9A19103F-16F7-4668-BE54-9A1E7A4F7556}") = "ContactAPI.Infrastructure", "Infrastructure\ContactAPI.Infrastructure.csproj", "{B683E4D7-906F-4A31-8565-52B3EC8EF467}"
EndProject
Project("{9A19103F-16F7-4668-BE54-9A1E7A4F7556}") = "ContactAPI.EntityLayer", "ContactAPI.Models\ContactAPI.EntityLayer.csproj", "{8F65DF5B-7A0A-4970-A006-34C504BBDCEA}"
EndProject
Project("{9A19103F-16F7-4668-BE54-9A1E7A4F7556}") = "ContactAPI.DataLayer", "ContactAPI.Data\ContactAPI.DataLayer.csproj", "{71DA971F-3BFE-47F5-9673-F47A611A915A}"
EndProject
Project("{2150E333-8FDC-42A3-9474-1A3956D46DE8}") = "Solution Items", "Solution Items", "{3409D39B-BA1A-4B6E-A989-3F8157BF82BF}"
	ProjectSection(SolutionItems) = preProject
		.editorconfig = .editorconfig
	EndProjectSection
EndProject
Project("{2150E333-8FDC-42A3-9474-1A3956D46DE8}") = "ReportAPI", "ReportAPI", "{19D579D9-B6E8-46C1-8FFD-7F475C1B3309}"
EndProject
Project("{9A19103F-16F7-4668-BE54-9A1E7A4F7556}") = "ReportAPI", "ReportAPI\ReportAPI\ReportAPI.csproj", "{F8F6BBAA-49F8-4A65-9087-63934502B71A}"
EndProject
Project("{2150E333-8FDC-42A3-9474-1A3956D46DE8}") = "CoreLib", "CoreLib", "{64473192-6CE5-4B4E-9BCE-84CC068F2B89}"
EndProject
Project("{9A19103F-16F7-4668-BE54-9A1E7A4F7556}") = "ReportAPI.Infrastructure", "ReportAPI\ReportAPI.Infrastructure\ReportAPI.Infrastructure.csproj", "{2F454784-1E32-495D-8D86-337CEDA513A3}"
EndProject
Project("{9A19103F-16F7-4668-BE54-9A1E7A4F7556}") = "ReportAPI.BusinessLayer", "ReportAPI\ReportAPI.BusinessLayer\ReportAPI.BusinessLayer.csproj", "{3F41DEAB-FDE1-4048-8202-0481E27FDB30}"
EndProject
Project("{9A19103F-16F7-4668-BE54-9A1E7A4F7556}") = "ReportAPI.DataLayer", "ReportAPI.DataLayer\ReportAPI.DataLayer.csproj", "{97483CA6-1723-4664-8491-9CBC4F94E26D}"
EndProject
Project("{9A19103F-16F7-4668-BE54-9A1E7A4F7556}") = "ReportAPI.EntityLayer", "ReportAPI.EntityLayer\ReportAPI.EntityLayer.csproj", "{020F9B75-3043-4233-AA79-84EAB71BC0C0}"
EndProject
Project("{9A19103F-16F7-4668-BE54-9A1E7A4F7556}") = "ReportRequestBGService", "ReportRequestBGService\ReportRequestBGService.csproj", "{077CB898-B791-4862-86A6-072603484348}"
EndProject
Project("{FAE04EC0-301F-11D3-BF4B-00C04F79EFBC}") = "Test.ContactAPI.BusinessLayer", "ContactAPI\Test.ContactAPI.BusinessLayer\Test.ContactAPI.BusinessLayer.csproj", "{5EA55B7D-8E5E-4D6A-AE82-1FE6795DEA33}"
EndProject
Global
	GlobalSection(SolutionConfigurationPlatforms) = preSolution
		Debug|Any CPU = Debug|Any CPU
		Release|Any CPU = Release|Any CPU
	EndGlobalSection
	GlobalSection(ProjectConfigurationPlatforms) = postSolution
		{87C11C43-B2AC-4EA7-B47B-2F7048273F4F}.Debug|Any CPU.ActiveCfg = Debug|Any CPU
		{87C11C43-B2AC-4EA7-B47B-2F7048273F4F}.Debug|Any CPU.Build.0 = Debug|Any CPU
		{87C11C43-B2AC-4EA7-B47B-2F7048273F4F}.Release|Any CPU.ActiveCfg = Release|Any CPU
		{87C11C43-B2AC-4EA7-B47B-2F7048273F4F}.Release|Any CPU.Build.0 = Release|Any CPU
		{78A6F54C-0E28-45C2-A0C4-175DCABB2A3A}.Debug|Any CPU.ActiveCfg = Debug|Any CPU
		{78A6F54C-0E28-45C2-A0C4-175DCABB2A3A}.Debug|Any CPU.Build.0 = Debug|Any CPU
		{78A6F54C-0E28-45C2-A0C4-175DCABB2A3A}.Release|Any CPU.ActiveCfg = Release|Any CPU
		{78A6F54C-0E28-45C2-A0C4-175DCABB2A3A}.Release|Any CPU.Build.0 = Release|Any CPU
		{D4D13200-5F6C-4B33-852B-23DF1825B2A6}.Debug|Any CPU.ActiveCfg = Debug|Any CPU
		{D4D13200-5F6C-4B33-852B-23DF1825B2A6}.Debug|Any CPU.Build.0 = Debug|Any CPU
		{D4D13200-5F6C-4B33-852B-23DF1825B2A6}.Release|Any CPU.ActiveCfg = Release|Any CPU
		{D4D13200-5F6C-4B33-852B-23DF1825B2A6}.Release|Any CPU.Build.0 = Release|Any CPU
		{B683E4D7-906F-4A31-8565-52B3EC8EF467}.Debug|Any CPU.ActiveCfg = Debug|Any CPU
		{B683E4D7-906F-4A31-8565-52B3EC8EF467}.Debug|Any CPU.Build.0 = Debug|Any CPU
		{B683E4D7-906F-4A31-8565-52B3EC8EF467}.Release|Any CPU.ActiveCfg = Release|Any CPU
		{B683E4D7-906F-4A31-8565-52B3EC8EF467}.Release|Any CPU.Build.0 = Release|Any CPU
		{8F65DF5B-7A0A-4970-A006-34C504BBDCEA}.Debug|Any CPU.ActiveCfg = Debug|Any CPU
		{8F65DF5B-7A0A-4970-A006-34C504BBDCEA}.Debug|Any CPU.Build.0 = Debug|Any CPU
		{8F65DF5B-7A0A-4970-A006-34C504BBDCEA}.Release|Any CPU.ActiveCfg = Release|Any CPU
		{8F65DF5B-7A0A-4970-A006-34C504BBDCEA}.Release|Any CPU.Build.0 = Release|Any CPU
		{71DA971F-3BFE-47F5-9673-F47A611A915A}.Debug|Any CPU.ActiveCfg = Debug|Any CPU
		{71DA971F-3BFE-47F5-9673-F47A611A915A}.Debug|Any CPU.Build.0 = Debug|Any CPU
		{71DA971F-3BFE-47F5-9673-F47A611A915A}.Release|Any CPU.ActiveCfg = Release|Any CPU
		{71DA971F-3BFE-47F5-9673-F47A611A915A}.Release|Any CPU.Build.0 = Release|Any CPU
		{F8F6BBAA-49F8-4A65-9087-63934502B71A}.Debug|Any CPU.ActiveCfg = Debug|Any CPU
		{F8F6BBAA-49F8-4A65-9087-63934502B71A}.Debug|Any CPU.Build.0 = Debug|Any CPU
		{F8F6BBAA-49F8-4A65-9087-63934502B71A}.Release|Any CPU.ActiveCfg = Release|Any CPU
		{F8F6BBAA-49F8-4A65-9087-63934502B71A}.Release|Any CPU.Build.0 = Release|Any CPU
		{2F454784-1E32-495D-8D86-337CEDA513A3}.Debug|Any CPU.ActiveCfg = Debug|Any CPU
		{2F454784-1E32-495D-8D86-337CEDA513A3}.Debug|Any CPU.Build.0 = Debug|Any CPU
		{2F454784-1E32-495D-8D86-337CEDA513A3}.Release|Any CPU.ActiveCfg = Release|Any CPU
		{2F454784-1E32-495D-8D86-337CEDA513A3}.Release|Any CPU.Build.0 = Release|Any CPU
		{3F41DEAB-FDE1-4048-8202-0481E27FDB30}.Debug|Any CPU.ActiveCfg = Debug|Any CPU
		{3F41DEAB-FDE1-4048-8202-0481E27FDB30}.Debug|Any CPU.Build.0 = Debug|Any CPU
		{3F41DEAB-FDE1-4048-8202-0481E27FDB30}.Release|Any CPU.ActiveCfg = Release|Any CPU
		{3F41DEAB-FDE1-4048-8202-0481E27FDB30}.Release|Any CPU.Build.0 = Release|Any CPU
		{97483CA6-1723-4664-8491-9CBC4F94E26D}.Debug|Any CPU.ActiveCfg = Debug|Any CPU
		{97483CA6-1723-4664-8491-9CBC4F94E26D}.Debug|Any CPU.Build.0 = Debug|Any CPU
		{97483CA6-1723-4664-8491-9CBC4F94E26D}.Release|Any CPU.ActiveCfg = Release|Any CPU
		{97483CA6-1723-4664-8491-9CBC4F94E26D}.Release|Any CPU.Build.0 = Release|Any CPU
		{020F9B75-3043-4233-AA79-84EAB71BC0C0}.Debug|Any CPU.ActiveCfg = Debug|Any CPU
		{020F9B75-3043-4233-AA79-84EAB71BC0C0}.Debug|Any CPU.Build.0 = Debug|Any CPU
		{020F9B75-3043-4233-AA79-84EAB71BC0C0}.Release|Any CPU.ActiveCfg = Release|Any CPU
		{020F9B75-3043-4233-AA79-84EAB71BC0C0}.Release|Any CPU.Build.0 = Release|Any CPU
		{077CB898-B791-4862-86A6-072603484348}.Debug|Any CPU.ActiveCfg = Debug|Any CPU
		{077CB898-B791-4862-86A6-072603484348}.Debug|Any CPU.Build.0 = Debug|Any CPU
		{077CB898-B791-4862-86A6-072603484348}.Release|Any CPU.ActiveCfg = Release|Any CPU
		{077CB898-B791-4862-86A6-072603484348}.Release|Any CPU.Build.0 = Release|Any CPU
		{5EA55B7D-8E5E-4D6A-AE82-1FE6795DEA33}.Debug|Any CPU.ActiveCfg = Debug|Any CPU
		{5EA55B7D-8E5E-4D6A-AE82-1FE6795DEA33}.Debug|Any CPU.Build.0 = Debug|Any CPU
		{5EA55B7D-8E5E-4D6A-AE82-1FE6795DEA33}.Release|Any CPU.ActiveCfg = Release|Any CPU
		{5EA55B7D-8E5E-4D6A-AE82-1FE6795DEA33}.Release|Any CPU.Build.0 = Release|Any CPU
	EndGlobalSection
	GlobalSection(SolutionProperties) = preSolution
		HideSolutionNode = FALSE
	EndGlobalSection
	GlobalSection(NestedProjects) = preSolution
		{78A6F54C-0E28-45C2-A0C4-175DCABB2A3A} = {17D232ED-00D4-46A6-A0EC-148DEC227707}
		{0620230A-1E66-41F7-8588-7115C2F1A878} = {17D232ED-00D4-46A6-A0EC-148DEC227707}
		{D4D13200-5F6C-4B33-852B-23DF1825B2A6} = {0620230A-1E66-41F7-8588-7115C2F1A878}
		{B683E4D7-906F-4A31-8565-52B3EC8EF467} = {0620230A-1E66-41F7-8588-7115C2F1A878}
		{8F65DF5B-7A0A-4970-A006-34C504BBDCEA} = {0620230A-1E66-41F7-8588-7115C2F1A878}
		{71DA971F-3BFE-47F5-9673-F47A611A915A} = {0620230A-1E66-41F7-8588-7115C2F1A878}
		{F8F6BBAA-49F8-4A65-9087-63934502B71A} = {19D579D9-B6E8-46C1-8FFD-7F475C1B3309}
		{64473192-6CE5-4B4E-9BCE-84CC068F2B89} = {19D579D9-B6E8-46C1-8FFD-7F475C1B3309}
		{2F454784-1E32-495D-8D86-337CEDA513A3} = {64473192-6CE5-4B4E-9BCE-84CC068F2B89}
		{3F41DEAB-FDE1-4048-8202-0481E27FDB30} = {64473192-6CE5-4B4E-9BCE-84CC068F2B89}
		{97483CA6-1723-4664-8491-9CBC4F94E26D} = {64473192-6CE5-4B4E-9BCE-84CC068F2B89}
		{020F9B75-3043-4233-AA79-84EAB71BC0C0} = {64473192-6CE5-4B4E-9BCE-84CC068F2B89}
		{077CB898-B791-4862-86A6-072603484348} = {19D579D9-B6E8-46C1-8FFD-7F475C1B3309}
		{5EA55B7D-8E5E-4D6A-AE82-1FE6795DEA33} = {17D232ED-00D4-46A6-A0EC-148DEC227707}
	EndGlobalSection
	GlobalSection(ExtensibilityGlobals) = postSolution
		SolutionGuid = {497387FE-A0D8-41BC-A0A8-548728BAE145}
	EndGlobalSection
EndGlobal
